
Microsoft Visual Studio Solution File, Format Version 12.00
Project("{FAE04EC0-301F-11D3-BF4B-00C04F79EFBC}") = "LdLib", "LdLib\LdLib.csproj", "{AFA0C7BD-B8B2-45D9-9C40-FAC051A21E6C}"
EndProject
Global
	GlobalSection(SolutionConfigurationPlatforms) = preSolution
		Debug|Any CPU = Debug|Any CPU
		Release|Any CPU = Release|Any CPU
	EndGlobalSection
	GlobalSection(ProjectConfigurationPlatforms) = postSolution
		{AFA0C7BD-B8B2-45D9-9C40-FAC051A21E6C}.Release|Any CPU.ActiveCfg = Release|Any CPU
		{AFA0C7BD-B8B2-45D9-9C40-FAC051A21E6C}.Release|Any CPU.Build.0 = Release|Any CPU
		{AFA0C7BD-B8B2-45D9-9C40-FAC051A21E6C}.Debug|Any CPU.ActiveCfg = Release|Any CPU
		{AFA0C7BD-B8B2-45D9-9C40-FAC051A21E6C}.Debug|Any CPU.Build.0 = Release|Any CPU
	EndGlobalSection
EndGlobal
